// !$*UTF8*$!
{
	archiveVersion = 1;
	classes = {
	};
	objectVersion = 50;
	objects = {

/* Begin PBXBuildFile section */
		9D1AE66E222679C5008B6455 /* LoginVC.swift in Sources */ = {isa = PBXBuildFile; fileRef = 9D1AE66D222679C5008B6455 /* LoginVC.swift */; };
		9D1AE67122267CB4008B6455 /* AuthService.swift in Sources */ = {isa = PBXBuildFile; fileRef = 9D1AE67022267CB4008B6455 /* AuthService.swift */; };
		9D1AE67422267E0B008B6455 /* Constrants.swift in Sources */ = {isa = PBXBuildFile; fileRef = 9D1AE67322267E0B008B6455 /* Constrants.swift */; };
		9D384352221D9A2E00F26468 /* FinishGoalVC.swift in Sources */ = {isa = PBXBuildFile; fileRef = 9D384351221D9A2E00F26468 /* FinishGoalVC.swift */; };
		9D387B972237DC4F0045CEB9 /* DataService.swift in Sources */ = {isa = PBXBuildFile; fileRef = 9D387B962237DC4F0045CEB9 /* DataService.swift */; };
		9D387B992237DE080045CEB9 /* GoogleService-Info.plist in Resources */ = {isa = PBXBuildFile; fileRef = 9D387B982237DE070045CEB9 /* GoogleService-Info.plist */; };
		9D47429B223B9CEF00981A56 /* BackTableVC.swift in Sources */ = {isa = PBXBuildFile; fileRef = 9D47429A223B9CEF00981A56 /* BackTableVC.swift */; };
		9D47429E223BDDC300981A56 /* CurrentUser.swift in Sources */ = {isa = PBXBuildFile; fileRef = 9D47429D223BDDC300981A56 /* CurrentUser.swift */; };
		9D4742A0223BE58C00981A56 /* UserProfileCell.swift in Sources */ = {isa = PBXBuildFile; fileRef = 9D47429F223BE58C00981A56 /* UserProfileCell.swift */; };
		9D4C4A112237A2AE001F0329 /* SWRevealViewController.m in Sources */ = {isa = PBXBuildFile; fileRef = 9D4C4A102237A2AD001F0329 /* SWRevealViewController.m */; };
		9D535D2C222C24EB00633991 /* Reminder.swift in Sources */ = {isa = PBXBuildFile; fileRef = 9D535D2B222C24EB00633991 /* Reminder.swift */; };
		9D5A592D2238034900D34CC8 /* InsetTextField.swift in Sources */ = {isa = PBXBuildFile; fileRef = 9D5A592C2238034900D34CC8 /* InsetTextField.swift */; };
		9D5A592F22380E3900D34CC8 /* ShadowView.swift in Sources */ = {isa = PBXBuildFile; fileRef = 9D5A592E22380E3900D34CC8 /* ShadowView.swift */; };
		9D5B27A2221C32A600F6BC51 /* GoalType.swift in Sources */ = {isa = PBXBuildFile; fileRef = 9D5B27A1221C32A600F6BC51 /* GoalType.swift */; };
		9D5B27A4221C3EF000F6BC51 /* CreateGoalVC.swift in Sources */ = {isa = PBXBuildFile; fileRef = 9D5B27A3221C3EEF00F6BC51 /* CreateGoalVC.swift */; };
		9D5B27A7221C450900F6BC51 /* UIControllerExt.swift in Sources */ = {isa = PBXBuildFile; fileRef = 9D5B27A6221C450900F6BC51 /* UIControllerExt.swift */; };
		9D5B27A9221C4C2C00F6BC51 /* UIViewExt.swift in Sources */ = {isa = PBXBuildFile; fileRef = 9D5B27A8221C4C2C00F6BC51 /* UIViewExt.swift */; };
		9D5B27AB221C571C00F6BC51 /* UIButtonExt.swift in Sources */ = {isa = PBXBuildFile; fileRef = 9D5B27AA221C571C00F6BC51 /* UIButtonExt.swift */; };
		9D93EE6A221BBB0800CE3B73 /* AppDelegate.swift in Sources */ = {isa = PBXBuildFile; fileRef = 9D93EE69221BBB0800CE3B73 /* AppDelegate.swift */; };
		9D93EE6C221BBB0800CE3B73 /* GoalVC.swift in Sources */ = {isa = PBXBuildFile; fileRef = 9D93EE6B221BBB0800CE3B73 /* GoalVC.swift */; };
		9D93EE6F221BBB0800CE3B73 /* Main.storyboard in Resources */ = {isa = PBXBuildFile; fileRef = 9D93EE6D221BBB0800CE3B73 /* Main.storyboard */; };
		9D93EE72221BBB0800CE3B73 /* GoalPost.xcdatamodeld in Sources */ = {isa = PBXBuildFile; fileRef = 9D93EE70221BBB0800CE3B73 /* GoalPost.xcdatamodeld */; };
		9D93EE74221BBB0B00CE3B73 /* Assets.xcassets in Resources */ = {isa = PBXBuildFile; fileRef = 9D93EE73221BBB0B00CE3B73 /* Assets.xcassets */; };
		9D93EE77221BBB0B00CE3B73 /* LaunchScreen.storyboard in Resources */ = {isa = PBXBuildFile; fileRef = 9D93EE75221BBB0B00CE3B73 /* LaunchScreen.storyboard */; };
		9D93EE82221BBB0B00CE3B73 /* GoalPostTests.swift in Sources */ = {isa = PBXBuildFile; fileRef = 9D93EE81221BBB0B00CE3B73 /* GoalPostTests.swift */; };
		9D93EE8D221BBB0B00CE3B73 /* GoalPostUITests.swift in Sources */ = {isa = PBXBuildFile; fileRef = 9D93EE8C221BBB0B00CE3B73 /* GoalPostUITests.swift */; };
		9D93EE9E221BC70E00CE3B73 /* GoalCell.swift in Sources */ = {isa = PBXBuildFile; fileRef = 9D93EE9D221BC70E00CE3B73 /* GoalCell.swift */; };
		9D98680522390FA600656C10 /* AuthVC.swift in Sources */ = {isa = PBXBuildFile; fileRef = 9D98680422390FA600656C10 /* AuthVC.swift */; };
		9D9868072239420100656C10 /* UserProfileVC.swift in Sources */ = {isa = PBXBuildFile; fileRef = 9D9868062239420100656C10 /* UserProfileVC.swift */; };
		9DA2BD972230FC5000073B48 /* bb.gif in Resources */ = {isa = PBXBuildFile; fileRef = 9DA2BD962230FC4F00073B48 /* bb.gif */; };
		9DA2BD9E2230FFF600073B48 /* UserNotifications.framework in Frameworks */ = {isa = PBXBuildFile; fileRef = 9DA2BD9D2230FFF600073B48 /* UserNotifications.framework */; };
		9DA2BDA02230FFF600073B48 /* UserNotificationsUI.framework in Frameworks */ = {isa = PBXBuildFile; fileRef = 9DA2BD9F2230FFF600073B48 /* UserNotificationsUI.framework */; };
		9DA2BDA32230FFF600073B48 /* NotificationViewController.swift in Sources */ = {isa = PBXBuildFile; fileRef = 9DA2BDA22230FFF600073B48 /* NotificationViewController.swift */; };
		9DA2BDA62230FFF600073B48 /* MainInterface.storyboard in Resources */ = {isa = PBXBuildFile; fileRef = 9DA2BDA42230FFF600073B48 /* MainInterface.storyboard */; };
		9DA2BDAA2230FFF600073B48 /* MyContentExt.appex in Embed App Extensions */ = {isa = PBXBuildFile; fileRef = 9DA2BD9C2230FFF600073B48 /* MyContentExt.appex */; settings = {ATTRIBUTES = (RemoveHeadersOnCopy, ); }; };
		9DFBA4BB22364BEC0039E2EA /* ProcessVC.swift in Sources */ = {isa = PBXBuildFile; fileRef = 9DFBA4BA22364BEC0039E2EA /* ProcessVC.swift */; };
		9DFBA4BD22364C5C0039E2EA /* LineChart.swift in Sources */ = {isa = PBXBuildFile; fileRef = 9DFBA4BC22364C5C0039E2EA /* LineChart.swift */; };
		E05D2B275E2EF9E9941BE03D /* libPods-GoalPost.a in Frameworks */ = {isa = PBXBuildFile; fileRef = 0D55E0D1A07D198BA152ACEF /* libPods-GoalPost.a */; };
/* End PBXBuildFile section */

/* Begin PBXContainerItemProxy section */
		9D93EE7E221BBB0B00CE3B73 /* PBXContainerItemProxy */ = {
			isa = PBXContainerItemProxy;
			containerPortal = 9D93EE5E221BBB0800CE3B73 /* Project object */;
			proxyType = 1;
			remoteGlobalIDString = 9D93EE65221BBB0800CE3B73;
			remoteInfo = GoalPost;
		};
		9D93EE89221BBB0B00CE3B73 /* PBXContainerItemProxy */ = {
			isa = PBXContainerItemProxy;
			containerPortal = 9D93EE5E221BBB0800CE3B73 /* Project object */;
			proxyType = 1;
			remoteGlobalIDString = 9D93EE65221BBB0800CE3B73;
			remoteInfo = GoalPost;
		};
		9DA2BDA82230FFF600073B48 /* PBXContainerItemProxy */ = {
			isa = PBXContainerItemProxy;
			containerPortal = 9D93EE5E221BBB0800CE3B73 /* Project object */;
			proxyType = 1;
			remoteGlobalIDString = 9DA2BD9B2230FFF600073B48;
			remoteInfo = MyContentExt;
		};
/* End PBXContainerItemProxy section */

/* Begin PBXCopyFilesBuildPhase section */
		9DA2BDAE2230FFF600073B48 /* Embed App Extensions */ = {
			isa = PBXCopyFilesBuildPhase;
			buildActionMask = 2147483647;
			dstPath = "";
			dstSubfolderSpec = 13;
			files = (
				9DA2BDAA2230FFF600073B48 /* MyContentExt.appex in Embed App Extensions */,
			);
			name = "Embed App Extensions";
			runOnlyForDeploymentPostprocessing = 0;
		};
/* End PBXCopyFilesBuildPhase section */

/* Begin PBXFileReference section */
		0D55E0D1A07D198BA152ACEF /* libPods-GoalPost.a */ = {isa = PBXFileReference; explicitFileType = archive.ar; includeInIndex = 0; path = "libPods-GoalPost.a"; sourceTree = BUILT_PRODUCTS_DIR; };
		4016106162BB48D3FF499285 /* Pods-GoalPost.debug.xcconfig */ = {isa = PBXFileReference; includeInIndex = 1; lastKnownFileType = text.xcconfig; name = "Pods-GoalPost.debug.xcconfig"; path = "Pods/Target Support Files/Pods-GoalPost/Pods-GoalPost.debug.xcconfig"; sourceTree = "<group>"; };
		659AEFCD2867E6396F532ADE /* libPods-GoalPostTests.a */ = {isa = PBXFileReference; explicitFileType = archive.ar; includeInIndex = 0; path = "libPods-GoalPostTests.a"; sourceTree = BUILT_PRODUCTS_DIR; };
		9D1AE66D222679C5008B6455 /* LoginVC.swift */ = {isa = PBXFileReference; lastKnownFileType = sourcecode.swift; path = LoginVC.swift; sourceTree = "<group>"; };
		9D1AE67022267CB4008B6455 /* AuthService.swift */ = {isa = PBXFileReference; lastKnownFileType = sourcecode.swift; path = AuthService.swift; sourceTree = "<group>"; };
		9D1AE67322267E0B008B6455 /* Constrants.swift */ = {isa = PBXFileReference; lastKnownFileType = sourcecode.swift; path = Constrants.swift; sourceTree = "<group>"; };
		9D384351221D9A2E00F26468 /* FinishGoalVC.swift */ = {isa = PBXFileReference; lastKnownFileType = sourcecode.swift; path = FinishGoalVC.swift; sourceTree = "<group>"; };
		9D387B962237DC4F0045CEB9 /* DataService.swift */ = {isa = PBXFileReference; lastKnownFileType = sourcecode.swift; path = DataService.swift; sourceTree = "<group>"; };
		9D387B982237DE070045CEB9 /* GoogleService-Info.plist */ = {isa = PBXFileReference; fileEncoding = 4; lastKnownFileType = text.plist.xml; path = "GoogleService-Info.plist"; sourceTree = "<group>"; };
		9D47429A223B9CEF00981A56 /* BackTableVC.swift */ = {isa = PBXFileReference; lastKnownFileType = sourcecode.swift; path = BackTableVC.swift; sourceTree = "<group>"; };
		9D47429D223BDDC300981A56 /* CurrentUser.swift */ = {isa = PBXFileReference; lastKnownFileType = sourcecode.swift; path = CurrentUser.swift; sourceTree = "<group>"; };
		9D47429F223BE58C00981A56 /* UserProfileCell.swift */ = {isa = PBXFileReference; lastKnownFileType = sourcecode.swift; path = UserProfileCell.swift; sourceTree = "<group>"; };
		9D4C4A0E2237A2AB001F0329 /* GoalPost-Bridging-Header.h */ = {isa = PBXFileReference; lastKnownFileType = sourcecode.c.h; path = "GoalPost-Bridging-Header.h"; sourceTree = "<group>"; };
		9D4C4A0F2237A2AD001F0329 /* SWRevealViewController.h */ = {isa = PBXFileReference; fileEncoding = 4; lastKnownFileType = sourcecode.c.h; path = SWRevealViewController.h; sourceTree = "<group>"; };
		9D4C4A102237A2AD001F0329 /* SWRevealViewController.m */ = {isa = PBXFileReference; fileEncoding = 4; lastKnownFileType = sourcecode.c.objc; path = SWRevealViewController.m; sourceTree = "<group>"; };
		9D535D2B222C24EB00633991 /* Reminder.swift */ = {isa = PBXFileReference; lastKnownFileType = sourcecode.swift; path = Reminder.swift; sourceTree = "<group>"; };
		9D5A592C2238034900D34CC8 /* InsetTextField.swift */ = {isa = PBXFileReference; lastKnownFileType = sourcecode.swift; path = InsetTextField.swift; sourceTree = "<group>"; };
		9D5A592E22380E3900D34CC8 /* ShadowView.swift */ = {isa = PBXFileReference; lastKnownFileType = sourcecode.swift; path = ShadowView.swift; sourceTree = "<group>"; };
		9D5B27A1221C32A600F6BC51 /* GoalType.swift */ = {isa = PBXFileReference; lastKnownFileType = sourcecode.swift; path = GoalType.swift; sourceTree = "<group>"; };
		9D5B27A3221C3EEF00F6BC51 /* CreateGoalVC.swift */ = {isa = PBXFileReference; lastKnownFileType = sourcecode.swift; path = CreateGoalVC.swift; sourceTree = "<group>"; };
		9D5B27A6221C450900F6BC51 /* UIControllerExt.swift */ = {isa = PBXFileReference; lastKnownFileType = sourcecode.swift; path = UIControllerExt.swift; sourceTree = "<group>"; };
		9D5B27A8221C4C2C00F6BC51 /* UIViewExt.swift */ = {isa = PBXFileReference; lastKnownFileType = sourcecode.swift; path = UIViewExt.swift; sourceTree = "<group>"; };
		9D5B27AA221C571C00F6BC51 /* UIButtonExt.swift */ = {isa = PBXFileReference; lastKnownFileType = sourcecode.swift; path = UIButtonExt.swift; sourceTree = "<group>"; };
		9D93EE66221BBB0800CE3B73 /* GoalPost.app */ = {isa = PBXFileReference; explicitFileType = wrapper.application; includeInIndex = 0; path = GoalPost.app; sourceTree = BUILT_PRODUCTS_DIR; };
		9D93EE69221BBB0800CE3B73 /* AppDelegate.swift */ = {isa = PBXFileReference; lastKnownFileType = sourcecode.swift; path = AppDelegate.swift; sourceTree = "<group>"; };
		9D93EE6B221BBB0800CE3B73 /* GoalVC.swift */ = {isa = PBXFileReference; lastKnownFileType = sourcecode.swift; path = GoalVC.swift; sourceTree = "<group>"; };
		9D93EE6E221BBB0800CE3B73 /* Base */ = {isa = PBXFileReference; lastKnownFileType = file.storyboard; name = Base; path = Base.lproj/Main.storyboard; sourceTree = "<group>"; };
		9D93EE71221BBB0800CE3B73 /* GoalPost.xcdatamodel */ = {isa = PBXFileReference; lastKnownFileType = wrapper.xcdatamodel; path = GoalPost.xcdatamodel; sourceTree = "<group>"; };
		9D93EE73221BBB0B00CE3B73 /* Assets.xcassets */ = {isa = PBXFileReference; lastKnownFileType = folder.assetcatalog; path = Assets.xcassets; sourceTree = "<group>"; };
		9D93EE76221BBB0B00CE3B73 /* Base */ = {isa = PBXFileReference; lastKnownFileType = file.storyboard; name = Base; path = Base.lproj/LaunchScreen.storyboard; sourceTree = "<group>"; };
		9D93EE78221BBB0B00CE3B73 /* Info.plist */ = {isa = PBXFileReference; lastKnownFileType = text.plist.xml; path = Info.plist; sourceTree = "<group>"; };
		9D93EE7D221BBB0B00CE3B73 /* GoalPostTests.xctest */ = {isa = PBXFileReference; explicitFileType = wrapper.cfbundle; includeInIndex = 0; path = GoalPostTests.xctest; sourceTree = BUILT_PRODUCTS_DIR; };
		9D93EE81221BBB0B00CE3B73 /* GoalPostTests.swift */ = {isa = PBXFileReference; lastKnownFileType = sourcecode.swift; path = GoalPostTests.swift; sourceTree = "<group>"; };
		9D93EE83221BBB0B00CE3B73 /* Info.plist */ = {isa = PBXFileReference; lastKnownFileType = text.plist.xml; path = Info.plist; sourceTree = "<group>"; };
		9D93EE88221BBB0B00CE3B73 /* GoalPostUITests.xctest */ = {isa = PBXFileReference; explicitFileType = wrapper.cfbundle; includeInIndex = 0; path = GoalPostUITests.xctest; sourceTree = BUILT_PRODUCTS_DIR; };
		9D93EE8C221BBB0B00CE3B73 /* GoalPostUITests.swift */ = {isa = PBXFileReference; lastKnownFileType = sourcecode.swift; path = GoalPostUITests.swift; sourceTree = "<group>"; };
		9D93EE8E221BBB0B00CE3B73 /* Info.plist */ = {isa = PBXFileReference; lastKnownFileType = text.plist.xml; path = Info.plist; sourceTree = "<group>"; };
		9D93EE9D221BC70E00CE3B73 /* GoalCell.swift */ = {isa = PBXFileReference; lastKnownFileType = sourcecode.swift; path = GoalCell.swift; sourceTree = "<group>"; };
		9D98680422390FA600656C10 /* AuthVC.swift */ = {isa = PBXFileReference; lastKnownFileType = sourcecode.swift; path = AuthVC.swift; sourceTree = "<group>"; };
		9D9868062239420100656C10 /* UserProfileVC.swift */ = {isa = PBXFileReference; lastKnownFileType = sourcecode.swift; path = UserProfileVC.swift; sourceTree = "<group>"; };
		9DA2BD962230FC4F00073B48 /* bb.gif */ = {isa = PBXFileReference; lastKnownFileType = image.gif; path = bb.gif; sourceTree = "<group>"; };
		9DA2BD9C2230FFF600073B48 /* MyContentExt.appex */ = {isa = PBXFileReference; explicitFileType = "wrapper.app-extension"; includeInIndex = 0; path = MyContentExt.appex; sourceTree = BUILT_PRODUCTS_DIR; };
		9DA2BD9D2230FFF600073B48 /* UserNotifications.framework */ = {isa = PBXFileReference; lastKnownFileType = wrapper.framework; name = UserNotifications.framework; path = System/Library/Frameworks/UserNotifications.framework; sourceTree = SDKROOT; };
		9DA2BD9F2230FFF600073B48 /* UserNotificationsUI.framework */ = {isa = PBXFileReference; lastKnownFileType = wrapper.framework; name = UserNotificationsUI.framework; path = System/Library/Frameworks/UserNotificationsUI.framework; sourceTree = SDKROOT; };
		9DA2BDA22230FFF600073B48 /* NotificationViewController.swift */ = {isa = PBXFileReference; lastKnownFileType = sourcecode.swift; path = NotificationViewController.swift; sourceTree = "<group>"; };
		9DA2BDA52230FFF600073B48 /* Base */ = {isa = PBXFileReference; lastKnownFileType = file.storyboard; name = Base; path = Base.lproj/MainInterface.storyboard; sourceTree = "<group>"; };
		9DA2BDA72230FFF600073B48 /* Info.plist */ = {isa = PBXFileReference; lastKnownFileType = text.plist.xml; path = Info.plist; sourceTree = "<group>"; };
		9DFBA4BA22364BEC0039E2EA /* ProcessVC.swift */ = {isa = PBXFileReference; lastKnownFileType = sourcecode.swift; path = ProcessVC.swift; sourceTree = "<group>"; };
		9DFBA4BC22364C5C0039E2EA /* LineChart.swift */ = {isa = PBXFileReference; lastKnownFileType = sourcecode.swift; path = LineChart.swift; sourceTree = "<group>"; };
		A65C0D4E487CDCD58DA0F2D5 /* Pods-GoalPost.release.xcconfig */ = {isa = PBXFileReference; includeInIndex = 1; lastKnownFileType = text.xcconfig; name = "Pods-GoalPost.release.xcconfig"; path = "Pods/Target Support Files/Pods-GoalPost/Pods-GoalPost.release.xcconfig"; sourceTree = "<group>"; };
/* End PBXFileReference section */

/* Begin PBXFrameworksBuildPhase section */
		9D93EE63221BBB0800CE3B73 /* Frameworks */ = {
			isa = PBXFrameworksBuildPhase;
			buildActionMask = 2147483647;
			files = (
				E05D2B275E2EF9E9941BE03D /* libPods-GoalPost.a in Frameworks */,
			);
			runOnlyForDeploymentPostprocessing = 0;
		};
		9D93EE7A221BBB0B00CE3B73 /* Frameworks */ = {
			isa = PBXFrameworksBuildPhase;
			buildActionMask = 2147483647;
			files = (
			);
			runOnlyForDeploymentPostprocessing = 0;
		};
		9D93EE85221BBB0B00CE3B73 /* Frameworks */ = {
			isa = PBXFrameworksBuildPhase;
			buildActionMask = 2147483647;
			files = (
			);
			runOnlyForDeploymentPostprocessing = 0;
		};
		9DA2BD992230FFF600073B48 /* Frameworks */ = {
			isa = PBXFrameworksBuildPhase;
			buildActionMask = 2147483647;
			files = (
				9DA2BDA02230FFF600073B48 /* UserNotificationsUI.framework in Frameworks */,
				9DA2BD9E2230FFF600073B48 /* UserNotifications.framework in Frameworks */,
			);
			runOnlyForDeploymentPostprocessing = 0;
		};
/* End PBXFrameworksBuildPhase section */

/* Begin PBXGroup section */
		0A06273DAB041B4E06425C13 /* Pods */ = {
			isa = PBXGroup;
			children = (
				4016106162BB48D3FF499285 /* Pods-GoalPost.debug.xcconfig */,
				A65C0D4E487CDCD58DA0F2D5 /* Pods-GoalPost.release.xcconfig */,
			);
			name = Pods;
			sourceTree = "<group>";
		};
		74CE0DB04828206523083291 /* Frameworks */ = {
			isa = PBXGroup;
			children = (
				659AEFCD2867E6396F532ADE /* libPods-GoalPostTests.a */,
				0D55E0D1A07D198BA152ACEF /* libPods-GoalPost.a */,
				9DA2BD9D2230FFF600073B48 /* UserNotifications.framework */,
				9DA2BD9F2230FFF600073B48 /* UserNotificationsUI.framework */,
			);
			name = Frameworks;
			sourceTree = "<group>";
		};
		9D1AE66F22267C64008B6455 /* Service */ = {
			isa = PBXGroup;
			children = (
				9D1AE67022267CB4008B6455 /* AuthService.swift */,
				9D387B962237DC4F0045CEB9 /* DataService.swift */,
			);
			path = Service;
			sourceTree = "<group>";
		};
		9D1AE67222267DDE008B6455 /* Utilities */ = {
			isa = PBXGroup;
			children = (
				9D1AE67322267E0B008B6455 /* Constrants.swift */,
			);
			path = Utilities;
			sourceTree = "<group>";
		};
		9D47429C223BDD9900981A56 /* Model */ = {
			isa = PBXGroup;
			children = (
				9D47429D223BDDC300981A56 /* CurrentUser.swift */,
			);
			path = Model;
			sourceTree = "<group>";
		};
		9D5B27A5221C449D00F6BC51 /* Extentions */ = {
			isa = PBXGroup;
			children = (
				9D4C4A0F2237A2AD001F0329 /* SWRevealViewController.h */,
				9D4C4A102237A2AD001F0329 /* SWRevealViewController.m */,
				9D5B27A6221C450900F6BC51 /* UIControllerExt.swift */,
				9D5B27A8221C4C2C00F6BC51 /* UIViewExt.swift */,
				9D5B27AA221C571C00F6BC51 /* UIButtonExt.swift */,
				9D4C4A0E2237A2AB001F0329 /* GoalPost-Bridging-Header.h */,
			);
			path = Extentions;
			sourceTree = "<group>";
		};
		9D93EE5D221BBB0800CE3B73 = {
			isa = PBXGroup;
			children = (
				9D93EE68221BBB0800CE3B73 /* GoalPost */,
				9D93EE80221BBB0B00CE3B73 /* GoalPostTests */,
				9D93EE8B221BBB0B00CE3B73 /* GoalPostUITests */,
				9DA2BDA12230FFF600073B48 /* MyContentExt */,
				9D93EE67221BBB0800CE3B73 /* Products */,
				0A06273DAB041B4E06425C13 /* Pods */,
				74CE0DB04828206523083291 /* Frameworks */,
			);
			sourceTree = "<group>";
		};
		9D93EE67221BBB0800CE3B73 /* Products */ = {
			isa = PBXGroup;
			children = (
				9D93EE66221BBB0800CE3B73 /* GoalPost.app */,
				9D93EE7D221BBB0B00CE3B73 /* GoalPostTests.xctest */,
				9D93EE88221BBB0B00CE3B73 /* GoalPostUITests.xctest */,
				9DA2BD9C2230FFF600073B48 /* MyContentExt.appex */,
			);
			name = Products;
			sourceTree = "<group>";
		};
		9D93EE68221BBB0800CE3B73 /* GoalPost */ = {
			isa = PBXGroup;
			children = (
				9D47429C223BDD9900981A56 /* Model */,
				9D1AE67222267DDE008B6455 /* Utilities */,
				9D1AE66F22267C64008B6455 /* Service */,
				9D5B27A5221C449D00F6BC51 /* Extentions */,
				9D93EE9C221BBB8700CE3B73 /* Enums */,
				9D93EE9B221BBB7E00CE3B73 /* View */,
				9D93EE9A221BBB3B00CE3B73 /* Controller */,
				9D93EE69221BBB0800CE3B73 /* AppDelegate.swift */,
				9D387B982237DE070045CEB9 /* GoogleService-Info.plist */,
				9D93EE6D221BBB0800CE3B73 /* Main.storyboard */,
				9D93EE73221BBB0B00CE3B73 /* Assets.xcassets */,
				9D93EE75221BBB0B00CE3B73 /* LaunchScreen.storyboard */,
				9D93EE78221BBB0B00CE3B73 /* Info.plist */,
				9D93EE70221BBB0800CE3B73 /* GoalPost.xcdatamodeld */,
			);
			path = GoalPost;
			sourceTree = "<group>";
		};
		9D93EE80221BBB0B00CE3B73 /* GoalPostTests */ = {
			isa = PBXGroup;
			children = (
				9D93EE81221BBB0B00CE3B73 /* GoalPostTests.swift */,
				9D93EE83221BBB0B00CE3B73 /* Info.plist */,
			);
			path = GoalPostTests;
			sourceTree = "<group>";
		};
		9D93EE8B221BBB0B00CE3B73 /* GoalPostUITests */ = {
			isa = PBXGroup;
			children = (
				9D93EE8C221BBB0B00CE3B73 /* GoalPostUITests.swift */,
				9D93EE8E221BBB0B00CE3B73 /* Info.plist */,
			);
			path = GoalPostUITests;
			sourceTree = "<group>";
		};
		9D93EE9A221BBB3B00CE3B73 /* Controller */ = {
			isa = PBXGroup;
			children = (
				9D93EE6B221BBB0800CE3B73 /* GoalVC.swift */,
				9D5B27A3221C3EEF00F6BC51 /* CreateGoalVC.swift */,
				9D384351221D9A2E00F26468 /* FinishGoalVC.swift */,
				9DA2BD962230FC4F00073B48 /* bb.gif */,
				9D1AE66D222679C5008B6455 /* LoginVC.swift */,
				9DFBA4BA22364BEC0039E2EA /* ProcessVC.swift */,
				9D98680422390FA600656C10 /* AuthVC.swift */,
				9D9868062239420100656C10 /* UserProfileVC.swift */,
				9D47429A223B9CEF00981A56 /* BackTableVC.swift */,
			);
			path = Controller;
			sourceTree = "<group>";
		};
		9D93EE9B221BBB7E00CE3B73 /* View */ = {
			isa = PBXGroup;
			children = (
				9D93EE9D221BC70E00CE3B73 /* GoalCell.swift */,
				9D535D2B222C24EB00633991 /* Reminder.swift */,
				9DFBA4BC22364C5C0039E2EA /* LineChart.swift */,
				9D5A592C2238034900D34CC8 /* InsetTextField.swift */,
				9D5A592E22380E3900D34CC8 /* ShadowView.swift */,
				9D47429F223BE58C00981A56 /* UserProfileCell.swift */,
			);
			path = View;
			sourceTree = "<group>";
		};
		9D93EE9C221BBB8700CE3B73 /* Enums */ = {
			isa = PBXGroup;
			children = (
				9D5B27A1221C32A600F6BC51 /* GoalType.swift */,
			);
			path = Enums;
			sourceTree = "<group>";
		};
		9DA2BDA12230FFF600073B48 /* MyContentExt */ = {
			isa = PBXGroup;
			children = (
				9DA2BDA22230FFF600073B48 /* NotificationViewController.swift */,
				9DA2BDA42230FFF600073B48 /* MainInterface.storyboard */,
				9DA2BDA72230FFF600073B48 /* Info.plist */,
			);
			path = MyContentExt;
			sourceTree = "<group>";
		};
/* End PBXGroup section */

/* Begin PBXNativeTarget section */
		9D93EE65221BBB0800CE3B73 /* GoalPost */ = {
			isa = PBXNativeTarget;
			buildConfigurationList = 9D93EE91221BBB0B00CE3B73 /* Build configuration list for PBXNativeTarget "GoalPost" */;
			buildPhases = (
				838180BAE958E2C219ED0FF5 /* [CP] Check Pods Manifest.lock */,
				9D93EE62221BBB0800CE3B73 /* Sources */,
				9D93EE63221BBB0800CE3B73 /* Frameworks */,
				9D93EE64221BBB0800CE3B73 /* Resources */,
				9DA2BDAE2230FFF600073B48 /* Embed App Extensions */,
			);
			buildRules = (
			);
			dependencies = (
				9DA2BDA92230FFF600073B48 /* PBXTargetDependency */,
			);
			name = GoalPost;
			productName = GoalPost;
			productReference = 9D93EE66221BBB0800CE3B73 /* GoalPost.app */;
			productType = "com.apple.product-type.application";
		};
		9D93EE7C221BBB0B00CE3B73 /* GoalPostTests */ = {
			isa = PBXNativeTarget;
			buildConfigurationList = 9D93EE94221BBB0B00CE3B73 /* Build configuration list for PBXNativeTarget "GoalPostTests" */;
			buildPhases = (
				9D93EE79221BBB0B00CE3B73 /* Sources */,
				9D93EE7A221BBB0B00CE3B73 /* Frameworks */,
				9D93EE7B221BBB0B00CE3B73 /* Resources */,
			);
			buildRules = (
			);
			dependencies = (
				9D93EE7F221BBB0B00CE3B73 /* PBXTargetDependency */,
			);
			name = GoalPostTests;
			productName = GoalPostTests;
			productReference = 9D93EE7D221BBB0B00CE3B73 /* GoalPostTests.xctest */;
			productType = "com.apple.product-type.bundle.unit-test";
		};
		9D93EE87221BBB0B00CE3B73 /* GoalPostUITests */ = {
			isa = PBXNativeTarget;
			buildConfigurationList = 9D93EE97221BBB0B00CE3B73 /* Build configuration list for PBXNativeTarget "GoalPostUITests" */;
			buildPhases = (
				9D93EE84221BBB0B00CE3B73 /* Sources */,
				9D93EE85221BBB0B00CE3B73 /* Frameworks */,
				9D93EE86221BBB0B00CE3B73 /* Resources */,
			);
			buildRules = (
			);
			dependencies = (
				9D93EE8A221BBB0B00CE3B73 /* PBXTargetDependency */,
			);
			name = GoalPostUITests;
			productName = GoalPostUITests;
			productReference = 9D93EE88221BBB0B00CE3B73 /* GoalPostUITests.xctest */;
			productType = "com.apple.product-type.bundle.ui-testing";
		};
		9DA2BD9B2230FFF600073B48 /* MyContentExt */ = {
			isa = PBXNativeTarget;
			buildConfigurationList = 9DA2BDAD2230FFF600073B48 /* Build configuration list for PBXNativeTarget "MyContentExt" */;
			buildPhases = (
				9DA2BD982230FFF600073B48 /* Sources */,
				9DA2BD992230FFF600073B48 /* Frameworks */,
				9DA2BD9A2230FFF600073B48 /* Resources */,
			);
			buildRules = (
			);
			dependencies = (
			);
			name = MyContentExt;
			productName = MyContentExt;
			productReference = 9DA2BD9C2230FFF600073B48 /* MyContentExt.appex */;
			productType = "com.apple.product-type.app-extension";
		};
/* End PBXNativeTarget section */

/* Begin PBXProject section */
		9D93EE5E221BBB0800CE3B73 /* Project object */ = {
			isa = PBXProject;
			attributes = {
				LastSwiftUpdateCheck = 1010;
				LastUpgradeCheck = 1010;
				ORGANIZATIONNAME = Kien;
				TargetAttributes = {
					9D93EE65221BBB0800CE3B73 = {
						CreatedOnToolsVersion = 10.1;
						LastSwiftMigration = 1010;
					};
					9D93EE7C221BBB0B00CE3B73 = {
						CreatedOnToolsVersion = 10.1;
						TestTargetID = 9D93EE65221BBB0800CE3B73;
					};
					9D93EE87221BBB0B00CE3B73 = {
						CreatedOnToolsVersion = 10.1;
						TestTargetID = 9D93EE65221BBB0800CE3B73;
					};
					9DA2BD9B2230FFF600073B48 = {
						CreatedOnToolsVersion = 10.1;
					};
				};
			};
			buildConfigurationList = 9D93EE61221BBB0800CE3B73 /* Build configuration list for PBXProject "GoalPost" */;
			compatibilityVersion = "Xcode 9.3";
			developmentRegion = en;
			hasScannedForEncodings = 0;
			knownRegions = (
				en,
				Base,
			);
			mainGroup = 9D93EE5D221BBB0800CE3B73;
			productRefGroup = 9D93EE67221BBB0800CE3B73 /* Products */;
			projectDirPath = "";
			projectRoot = "";
			targets = (
				9D93EE65221BBB0800CE3B73 /* GoalPost */,
				9D93EE7C221BBB0B00CE3B73 /* GoalPostTests */,
				9D93EE87221BBB0B00CE3B73 /* GoalPostUITests */,
				9DA2BD9B2230FFF600073B48 /* MyContentExt */,
			);
		};
/* End PBXProject section */

/* Begin PBXResourcesBuildPhase section */
		9D93EE64221BBB0800CE3B73 /* Resources */ = {
			isa = PBXResourcesBuildPhase;
			buildActionMask = 2147483647;
			files = (
				9D93EE77221BBB0B00CE3B73 /* LaunchScreen.storyboard in Resources */,
				9D93EE74221BBB0B00CE3B73 /* Assets.xcassets in Resources */,
				9D387B992237DE080045CEB9 /* GoogleService-Info.plist in Resources */,
				9DA2BD972230FC5000073B48 /* bb.gif in Resources */,
				9D93EE6F221BBB0800CE3B73 /* Main.storyboard in Resources */,
			);
			runOnlyForDeploymentPostprocessing = 0;
		};
		9D93EE7B221BBB0B00CE3B73 /* Resources */ = {
			isa = PBXResourcesBuildPhase;
			buildActionMask = 2147483647;
			files = (
			);
			runOnlyForDeploymentPostprocessing = 0;
		};
		9D93EE86221BBB0B00CE3B73 /* Resources */ = {
			isa = PBXResourcesBuildPhase;
			buildActionMask = 2147483647;
			files = (
			);
			runOnlyForDeploymentPostprocessing = 0;
		};
		9DA2BD9A2230FFF600073B48 /* Resources */ = {
			isa = PBXResourcesBuildPhase;
			buildActionMask = 2147483647;
			files = (
				9DA2BDA62230FFF600073B48 /* MainInterface.storyboard in Resources */,
			);
			runOnlyForDeploymentPostprocessing = 0;
		};
/* End PBXResourcesBuildPhase section */

/* Begin PBXShellScriptBuildPhase section */
		838180BAE958E2C219ED0FF5 /* [CP] Check Pods Manifest.lock */ = {
			isa = PBXShellScriptBuildPhase;
			buildActionMask = 2147483647;
			files = (
			);
			inputFileListPaths = (
			);
			inputPaths = (
				"${PODS_PODFILE_DIR_PATH}/Podfile.lock",
				"${PODS_ROOT}/Manifest.lock",
			);
			name = "[CP] Check Pods Manifest.lock";
			outputFileListPaths = (
			);
			outputPaths = (
				"$(DERIVED_FILE_DIR)/Pods-GoalPost-checkManifestLockResult.txt",
			);
			runOnlyForDeploymentPostprocessing = 0;
			shellPath = /bin/sh;
			shellScript = "diff \"${PODS_PODFILE_DIR_PATH}/Podfile.lock\" \"${PODS_ROOT}/Manifest.lock\" > /dev/null\nif [ $? != 0 ] ; then\n    # print error to STDERR\n    echo \"error: The sandbox is not in sync with the Podfile.lock. Run 'pod install' or update your CocoaPods installation.\" >&2\n    exit 1\nfi\n# This output is used by Xcode 'outputs' to avoid re-running this script phase.\necho \"SUCCESS\" > \"${SCRIPT_OUTPUT_FILE_0}\"\n";
			showEnvVarsInLog = 0;
		};
/* End PBXShellScriptBuildPhase section */

/* Begin PBXSourcesBuildPhase section */
		9D93EE62221BBB0800CE3B73 /* Sources */ = {
			isa = PBXSourcesBuildPhase;
			buildActionMask = 2147483647;
			files = (
				9D1AE66E222679C5008B6455 /* LoginVC.swift in Sources */,
				9D535D2C222C24EB00633991 /* Reminder.swift in Sources */,
				9D93EE9E221BC70E00CE3B73 /* GoalCell.swift in Sources */,
				9D5B27A4221C3EF000F6BC51 /* CreateGoalVC.swift in Sources */,
				9DFBA4BD22364C5C0039E2EA /* LineChart.swift in Sources */,
				9D5A592F22380E3900D34CC8 /* ShadowView.swift in Sources */,
				9D387B972237DC4F0045CEB9 /* DataService.swift in Sources */,
				9D1AE67122267CB4008B6455 /* AuthService.swift in Sources */,
				9D9868072239420100656C10 /* UserProfileVC.swift in Sources */,
				9D5B27A2221C32A600F6BC51 /* GoalType.swift in Sources */,
				9D5B27A7221C450900F6BC51 /* UIControllerExt.swift in Sources */,
				9D5B27A9221C4C2C00F6BC51 /* UIViewExt.swift in Sources */,
				9D5A592D2238034900D34CC8 /* InsetTextField.swift in Sources */,
				9D47429B223B9CEF00981A56 /* BackTableVC.swift in Sources */,
				9D93EE6C221BBB0800CE3B73 /* GoalVC.swift in Sources */,
				9DFBA4BB22364BEC0039E2EA /* ProcessVC.swift in Sources */,
				9D4742A0223BE58C00981A56 /* UserProfileCell.swift in Sources */,
				9D4C4A112237A2AE001F0329 /* SWRevealViewController.m in Sources */,
				9D98680522390FA600656C10 /* AuthVC.swift in Sources */,
				9D93EE6A221BBB0800CE3B73 /* AppDelegate.swift in Sources */,
				9D5B27AB221C571C00F6BC51 /* UIButtonExt.swift in Sources */,
				9D1AE67422267E0B008B6455 /* Constrants.swift in Sources */,
				9D384352221D9A2E00F26468 /* FinishGoalVC.swift in Sources */,
				9D47429E223BDDC300981A56 /* CurrentUser.swift in Sources */,
				9D93EE72221BBB0800CE3B73 /* GoalPost.xcdatamodeld in Sources */,
			);
			runOnlyForDeploymentPostprocessing = 0;
		};
		9D93EE79221BBB0B00CE3B73 /* Sources */ = {
			isa = PBXSourcesBuildPhase;
			buildActionMask = 2147483647;
			files = (
				9D93EE82221BBB0B00CE3B73 /* GoalPostTests.swift in Sources */,
			);
			runOnlyForDeploymentPostprocessing = 0;
		};
		9D93EE84221BBB0B00CE3B73 /* Sources */ = {
			isa = PBXSourcesBuildPhase;
			buildActionMask = 2147483647;
			files = (
				9D93EE8D221BBB0B00CE3B73 /* GoalPostUITests.swift in Sources */,
			);
			runOnlyForDeploymentPostprocessing = 0;
		};
		9DA2BD982230FFF600073B48 /* Sources */ = {
			isa = PBXSourcesBuildPhase;
			buildActionMask = 2147483647;
			files = (
				9DA2BDA32230FFF600073B48 /* NotificationViewController.swift in Sources */,
			);
			runOnlyForDeploymentPostprocessing = 0;
		};
/* End PBXSourcesBuildPhase section */

/* Begin PBXTargetDependency section */
		9D93EE7F221BBB0B00CE3B73 /* PBXTargetDependency */ = {
			isa = PBXTargetDependency;
			target = 9D93EE65221BBB0800CE3B73 /* GoalPost */;
			targetProxy = 9D93EE7E221BBB0B00CE3B73 /* PBXContainerItemProxy */;
		};
		9D93EE8A221BBB0B00CE3B73 /* PBXTargetDependency */ = {
			isa = PBXTargetDependency;
			target = 9D93EE65221BBB0800CE3B73 /* GoalPost */;
			targetProxy = 9D93EE89221BBB0B00CE3B73 /* PBXContainerItemProxy */;
		};
		9DA2BDA92230FFF600073B48 /* PBXTargetDependency */ = {
			isa = PBXTargetDependency;
			target = 9DA2BD9B2230FFF600073B48 /* MyContentExt */;
			targetProxy = 9DA2BDA82230FFF600073B48 /* PBXContainerItemProxy */;
		};
/* End PBXTargetDependency section */

/* Begin PBXVariantGroup section */
		9D93EE6D221BBB0800CE3B73 /* Main.storyboard */ = {
			isa = PBXVariantGroup;
			children = (
				9D93EE6E221BBB0800CE3B73 /* Base */,
			);
			name = Main.storyboard;
			sourceTree = "<group>";
		};
		9D93EE75221BBB0B00CE3B73 /* LaunchScreen.storyboard */ = {
			isa = PBXVariantGroup;
			children = (
				9D93EE76221BBB0B00CE3B73 /* Base */,
			);
			name = LaunchScreen.storyboard;
			sourceTree = "<group>";
		};
		9DA2BDA42230FFF600073B48 /* MainInterface.storyboard */ = {
			isa = PBXVariantGroup;
			children = (
				9DA2BDA52230FFF600073B48 /* Base */,
			);
			name = MainInterface.storyboard;
			sourceTree = "<group>";
		};
/* End PBXVariantGroup section */

/* Begin XCBuildConfiguration section */
		9D93EE8F221BBB0B00CE3B73 /* Debug */ = {
			isa = XCBuildConfiguration;
			buildSettings = {
				ALWAYS_SEARCH_USER_PATHS = NO;
				CLANG_ANALYZER_NONNULL = YES;
				CLANG_ANALYZER_NUMBER_OBJECT_CONVERSION = YES_AGGRESSIVE;
				CLANG_CXX_LANGUAGE_STANDARD = "gnu++14";
				CLANG_CXX_LIBRARY = "libc++";
				CLANG_ENABLE_MODULES = YES;
				CLANG_ENABLE_OBJC_ARC = YES;
				CLANG_ENABLE_OBJC_WEAK = YES;
				CLANG_WARN_BLOCK_CAPTURE_AUTORELEASING = YES;
				CLANG_WARN_BOOL_CONVERSION = YES;
				CLANG_WARN_COMMA = YES;
				CLANG_WARN_CONSTANT_CONVERSION = YES;
				CLANG_WARN_DEPRECATED_OBJC_IMPLEMENTATIONS = YES;
				CLANG_WARN_DIRECT_OBJC_ISA_USAGE = YES_ERROR;
				CLANG_WARN_DOCUMENTATION_COMMENTS = YES;
				CLANG_WARN_EMPTY_BODY = YES;
				CLANG_WARN_ENUM_CONVERSION = YES;
				CLANG_WARN_INFINITE_RECURSION = YES;
				CLANG_WARN_INT_CONVERSION = YES;
				CLANG_WARN_NON_LITERAL_NULL_CONVERSION = YES;
				CLANG_WARN_OBJC_IMPLICIT_RETAIN_SELF = YES;
				CLANG_WARN_OBJC_LITERAL_CONVERSION = YES;
				CLANG_WARN_OBJC_ROOT_CLASS = YES_ERROR;
				CLANG_WARN_RANGE_LOOP_ANALYSIS = YES;
				CLANG_WARN_STRICT_PROTOTYPES = YES;
				CLANG_WARN_SUSPICIOUS_MOVE = YES;
				CLANG_WARN_UNGUARDED_AVAILABILITY = YES_AGGRESSIVE;
				CLANG_WARN_UNREACHABLE_CODE = YES;
				CLANG_WARN__DUPLICATE_METHOD_MATCH = YES;
				CODE_SIGN_IDENTITY = "iPhone Developer";
				COPY_PHASE_STRIP = NO;
				DEBUG_INFORMATION_FORMAT = dwarf;
				ENABLE_STRICT_OBJC_MSGSEND = YES;
				ENABLE_TESTABILITY = YES;
				GCC_C_LANGUAGE_STANDARD = gnu11;
				GCC_DYNAMIC_NO_PIC = NO;
				GCC_NO_COMMON_BLOCKS = YES;
				GCC_OPTIMIZATION_LEVEL = 0;
				GCC_PREPROCESSOR_DEFINITIONS = (
					"DEBUG=1",
					"$(inherited)",
				);
				GCC_WARN_64_TO_32_BIT_CONVERSION = YES;
				GCC_WARN_ABOUT_RETURN_TYPE = YES_ERROR;
				GCC_WARN_UNDECLARED_SELECTOR = YES;
				GCC_WARN_UNINITIALIZED_AUTOS = YES_AGGRESSIVE;
				GCC_WARN_UNUSED_FUNCTION = YES;
				GCC_WARN_UNUSED_VARIABLE = YES;
				IPHONEOS_DEPLOYMENT_TARGET = 12.1;
				MTL_ENABLE_DEBUG_INFO = INCLUDE_SOURCE;
				MTL_FAST_MATH = YES;
				ONLY_ACTIVE_ARCH = YES;
				SDKROOT = iphoneos;
				SWIFT_ACTIVE_COMPILATION_CONDITIONS = DEBUG;
				SWIFT_OPTIMIZATION_LEVEL = "-Onone";
			};
			name = Debug;
		};
		9D93EE90221BBB0B00CE3B73 /* Release */ = {
			isa = XCBuildConfiguration;
			buildSettings = {
				ALWAYS_SEARCH_USER_PATHS = NO;
				CLANG_ANALYZER_NONNULL = YES;
				CLANG_ANALYZER_NUMBER_OBJECT_CONVERSION = YES_AGGRESSIVE;
				CLANG_CXX_LANGUAGE_STANDARD = "gnu++14";
				CLANG_CXX_LIBRARY = "libc++";
				CLANG_ENABLE_MODULES = YES;
				CLANG_ENABLE_OBJC_ARC = YES;
				CLANG_ENABLE_OBJC_WEAK = YES;
				CLANG_WARN_BLOCK_CAPTURE_AUTORELEASING = YES;
				CLANG_WARN_BOOL_CONVERSION = YES;
				CLANG_WARN_COMMA = YES;
				CLANG_WARN_CONSTANT_CONVERSION = YES;
				CLANG_WARN_DEPRECATED_OBJC_IMPLEMENTATIONS = YES;
				CLANG_WARN_DIRECT_OBJC_ISA_USAGE = YES_ERROR;
				CLANG_WARN_DOCUMENTATION_COMMENTS = YES;
				CLANG_WARN_EMPTY_BODY = YES;
				CLANG_WARN_ENUM_CONVERSION = YES;
				CLANG_WARN_INFINITE_RECURSION = YES;
				CLANG_WARN_INT_CONVERSION = YES;
				CLANG_WARN_NON_LITERAL_NULL_CONVERSION = YES;
				CLANG_WARN_OBJC_IMPLICIT_RETAIN_SELF = YES;
				CLANG_WARN_OBJC_LITERAL_CONVERSION = YES;
				CLANG_WARN_OBJC_ROOT_CLASS = YES_ERROR;
				CLANG_WARN_RANGE_LOOP_ANALYSIS = YES;
				CLANG_WARN_STRICT_PROTOTYPES = YES;
				CLANG_WARN_SUSPICIOUS_MOVE = YES;
				CLANG_WARN_UNGUARDED_AVAILABILITY = YES_AGGRESSIVE;
				CLANG_WARN_UNREACHABLE_CODE = YES;
				CLANG_WARN__DUPLICATE_METHOD_MATCH = YES;
				CODE_SIGN_IDENTITY = "iPhone Developer";
				COPY_PHASE_STRIP = NO;
				DEBUG_INFORMATION_FORMAT = "dwarf-with-dsym";
				ENABLE_NS_ASSERTIONS = NO;
				ENABLE_STRICT_OBJC_MSGSEND = YES;
				GCC_C_LANGUAGE_STANDARD = gnu11;
				GCC_NO_COMMON_BLOCKS = YES;
				GCC_WARN_64_TO_32_BIT_CONVERSION = YES;
				GCC_WARN_ABOUT_RETURN_TYPE = YES_ERROR;
				GCC_WARN_UNDECLARED_SELECTOR = YES;
				GCC_WARN_UNINITIALIZED_AUTOS = YES_AGGRESSIVE;
				GCC_WARN_UNUSED_FUNCTION = YES;
				GCC_WARN_UNUSED_VARIABLE = YES;
				IPHONEOS_DEPLOYMENT_TARGET = 12.1;
				MTL_ENABLE_DEBUG_INFO = NO;
				MTL_FAST_MATH = YES;
				SDKROOT = iphoneos;
				SWIFT_COMPILATION_MODE = wholemodule;
				SWIFT_OPTIMIZATION_LEVEL = "-O";
				VALIDATE_PRODUCT = YES;
			};
			name = Release;
		};
		9D93EE92221BBB0B00CE3B73 /* Debug */ = {
			isa = XCBuildConfiguration;
			baseConfigurationReference = 4016106162BB48D3FF499285 /* Pods-GoalPost.debug.xcconfig */;
			buildSettings = {
				ALWAYS_EMBED_SWIFT_STANDARD_LIBRARIES = YES;
				CLANG_ENABLE_MODULES = YES;
				CODE_SIGN_STYLE = Automatic;
				DEVELOPMENT_TEAM = PBBT599Q77;
				INFOPLIST_FILE = GoalPost/Info.plist;
				LD_RUNPATH_SEARCH_PATHS = (
					"$(inherited)",
					"@executable_path/Frameworks",
				);
				PRODUCT_BUNDLE_IDENTIFIER = kevinphamdev.com.GoalPost;
				PRODUCT_NAME = "$(TARGET_NAME)";
				SWIFT_OBJC_BRIDGING_HEADER = "GoalPost/Extentions/GoalPost-Bridging-Header.h";
				SWIFT_OPTIMIZATION_LEVEL = "-Onone";
				SWIFT_VERSION = 4.2;
				TARGETED_DEVICE_FAMILY = "1,2";
			};
			name = Debug;
		};
		9D93EE93221BBB0B00CE3B73 /* Release */ = {
			isa = XCBuildConfiguration;
			baseConfigurationReference = A65C0D4E487CDCD58DA0F2D5 /* Pods-GoalPost.release.xcconfig */;
			buildSettings = {
				ALWAYS_EMBED_SWIFT_STANDARD_LIBRARIES = YES;
				CLANG_ENABLE_MODULES = YES;
				CODE_SIGN_STYLE = Automatic;
				DEVELOPMENT_TEAM = PBBT599Q77;
				INFOPLIST_FILE = GoalPost/Info.plist;
				LD_RUNPATH_SEARCH_PATHS = (
					"$(inherited)",
					"@executable_path/Frameworks",
				);
				PRODUCT_BUNDLE_IDENTIFIER = kevinphamdev.com.GoalPost;
				PRODUCT_NAME = "$(TARGET_NAME)";
				SWIFT_OBJC_BRIDGING_HEADER = "GoalPost/Extentions/GoalPost-Bridging-Header.h";
				SWIFT_VERSION = 4.2;
				TARGETED_DEVICE_FAMILY = "1,2";
			};
			name = Release;
		};
		9D93EE95221BBB0B00CE3B73 /* Debug */ = {
			isa = XCBuildConfiguration;
			buildSettings = {
				ALWAYS_EMBED_SWIFT_STANDARD_LIBRARIES = YES;
				BUNDLE_LOADER = "$(TEST_HOST)";
				CODE_SIGN_STYLE = Automatic;
				INFOPLIST_FILE = GoalPostTests/Info.plist;
				LD_RUNPATH_SEARCH_PATHS = (
					"$(inherited)",
					"@executable_path/Frameworks",
					"@loader_path/Frameworks",
				);
				PRODUCT_BUNDLE_IDENTIFIER = kevinphamdev.com.GoalPostTests;
				PRODUCT_NAME = "$(TARGET_NAME)";
				SWIFT_VERSION = 4.2;
				TARGETED_DEVICE_FAMILY = "1,2";
				TEST_HOST = "$(BUILT_PRODUCTS_DIR)/GoalPost.app/GoalPost";
			};
			name = Debug;
		};
		9D93EE96221BBB0B00CE3B73 /* Release */ = {
			isa = XCBuildConfiguration;
			buildSettings = {
				ALWAYS_EMBED_SWIFT_STANDARD_LIBRARIES = YES;
				BUNDLE_LOADER = "$(TEST_HOST)";
				CODE_SIGN_STYLE = Automatic;
				INFOPLIST_FILE = GoalPostTests/Info.plist;
				LD_RUNPATH_SEARCH_PATHS = (
					"$(inherited)",
					"@executable_path/Frameworks",
					"@loader_path/Frameworks",
				);
				PRODUCT_BUNDLE_IDENTIFIER = kevinphamdev.com.GoalPostTests;
				PRODUCT_NAME = "$(TARGET_NAME)";
				SWIFT_VERSION = 4.2;
				TARGETED_DEVICE_FAMILY = "1,2";
				TEST_HOST = "$(BUILT_PRODUCTS_DIR)/GoalPost.app/GoalPost";
			};
			name = Release;
		};
		9D93EE98221BBB0B00CE3B73 /* Debug */ = {
			isa = XCBuildConfiguration;
			buildSettings = {
				ALWAYS_EMBED_SWIFT_STANDARD_LIBRARIES = YES;
				CODE_SIGN_STYLE = Automatic;
				INFOPLIST_FILE = GoalPostUITests/Info.plist;
				LD_RUNPATH_SEARCH_PATHS = (
					"$(inherited)",
					"@executable_path/Frameworks",
					"@loader_path/Frameworks",
				);
				PRODUCT_BUNDLE_IDENTIFIER = kevinphamdev.com.GoalPostUITests;
				PRODUCT_NAME = "$(TARGET_NAME)";
				SWIFT_VERSION = 4.2;
				TARGETED_DEVICE_FAMILY = "1,2";
				TEST_TARGET_NAME = GoalPost;
			};
			name = Debug;
		};
		9D93EE99221BBB0B00CE3B73 /* Release */ = {
			isa = XCBuildConfiguration;
			buildSettings = {
				ALWAYS_EMBED_SWIFT_STANDARD_LIBRARIES = YES;
				CODE_SIGN_STYLE = Automatic;
				INFOPLIST_FILE = GoalPostUITests/Info.plist;
				LD_RUNPATH_SEARCH_PATHS = (
					"$(inherited)",
					"@executable_path/Frameworks",
					"@loader_path/Frameworks",
				);
				PRODUCT_BUNDLE_IDENTIFIER = kevinphamdev.com.GoalPostUITests;
				PRODUCT_NAME = "$(TARGET_NAME)";
				SWIFT_VERSION = 4.2;
				TARGETED_DEVICE_FAMILY = "1,2";
				TEST_TARGET_NAME = GoalPost;
			};
			name = Release;
		};
		9DA2BDAB2230FFF600073B48 /* Debug */ = {
			isa = XCBuildConfiguration;
			buildSettings = {
				CODE_SIGN_STYLE = Automatic;
				DEVELOPMENT_TEAM = PBBT599Q77;
				INFOPLIST_FILE = MyContentExt/Info.plist;
				LD_RUNPATH_SEARCH_PATHS = (
					"$(inherited)",
					"@executable_path/Frameworks",
					"@executable_path/../../Frameworks",
				);
				PRODUCT_BUNDLE_IDENTIFIER = kevinphamdev.com.GoalPost.MyContentExt;
				PRODUCT_NAME = "$(TARGET_NAME)";
				SKIP_INSTALL = YES;
				SWIFT_VERSION = 4.2;
				TARGETED_DEVICE_FAMILY = "1,2";
			};
			name = Debug;
		};
		9DA2BDAC2230FFF600073B48 /* Release */ = {
			isa = XCBuildConfiguration;
			buildSettings = {
				CODE_SIGN_STYLE = Automatic;
				DEVELOPMENT_TEAM = PBBT599Q77;
				INFOPLIST_FILE = MyContentExt/Info.plist;
				LD_RUNPATH_SEARCH_PATHS = (
					"$(inherited)",
					"@executable_path/Frameworks",
					"@executable_path/../../Frameworks",
				);
				PRODUCT_BUNDLE_IDENTIFIER = kevinphamdev.com.GoalPost.MyContentExt;
				PRODUCT_NAME = "$(TARGET_NAME)";
				SKIP_INSTALL = YES;
				SWIFT_VERSION = 4.2;
				TARGETED_DEVICE_FAMILY = "1,2";
			};
			name = Release;
		};
/* End XCBuildConfiguration section */

/* Begin XCConfigurationList section */
		9D93EE61221BBB0800CE3B73 /* Build configuration list for PBXProject "GoalPost" */ = {
			isa = XCConfigurationList;
			buildConfigurations = (
				9D93EE8F221BBB0B00CE3B73 /* Debug */,
				9D93EE90221BBB0B00CE3B73 /* Release */,
			);
			defaultConfigurationIsVisible = 0;
			defaultConfigurationName = Release;
		};
		9D93EE91221BBB0B00CE3B73 /* Build configuration list for PBXNativeTarget "GoalPost" */ = {
			isa = XCConfigurationList;
			buildConfigurations = (
				9D93EE92221BBB0B00CE3B73 /* Debug */,
				9D93EE93221BBB0B00CE3B73 /* Release */,
			);
			defaultConfigurationIsVisible = 0;
			defaultConfigurationName = Release;
		};
		9D93EE94221BBB0B00CE3B73 /* Build configuration list for PBXNativeTarget "GoalPostTests" */ = {
			isa = XCConfigurationList;
			buildConfigurations = (
				9D93EE95221BBB0B00CE3B73 /* Debug */,
				9D93EE96221BBB0B00CE3B73 /* Release */,
			);
			defaultConfigurationIsVisible = 0;
			defaultConfigurationName = Release;
		};
		9D93EE97221BBB0B00CE3B73 /* Build configuration list for PBXNativeTarget "GoalPostUITests" */ = {
			isa = XCConfigurationList;
			buildConfigurations = (
				9D93EE98221BBB0B00CE3B73 /* Debug */,
				9D93EE99221BBB0B00CE3B73 /* Release */,
			);
			defaultConfigurationIsVisible = 0;
			defaultConfigurationName = Release;
		};
		9DA2BDAD2230FFF600073B48 /* Build configuration list for PBXNativeTarget "MyContentExt" */ = {
			isa = XCConfigurationList;
			buildConfigurations = (
				9DA2BDAB2230FFF600073B48 /* Debug */,
				9DA2BDAC2230FFF600073B48 /* Release */,
			);
			defaultConfigurationIsVisible = 0;
			defaultConfigurationName = Release;
		};
/* End XCConfigurationList section */

/* Begin XCVersionGroup section */
		9D93EE70221BBB0800CE3B73 /* GoalPost.xcdatamodeld */ = {
			isa = XCVersionGroup;
			children = (
				9D93EE71221BBB0800CE3B73 /* GoalPost.xcdatamodel */,
			);
			currentVersion = 9D93EE71221BBB0800CE3B73 /* GoalPost.xcdatamodel */;
			path = GoalPost.xcdatamodeld;
			sourceTree = "<group>";
			versionGroupType = wrapper.xcdatamodel;
		};
/* End XCVersionGroup section */
	};
	rootObject = 9D93EE5E221BBB0800CE3B73 /* Project object */;
}
